
Microsoft Visual Studio Solution File, Format Version 12.00
# Visual Studio Version 17
VisualStudioVersion = 17.13.35818.85 d17.13
MinimumVisualStudioVersion = 10.0.40219.1
Project("{FAE04EC0-301F-11D3-BF4B-00C04F79EFBC}") = "WinFormsApp1", "WinFormsApp1\WinFormsApp1.csproj", "{FE3F860A-DCEA-4BBF-9E8F-EF50A8CCFC96}"
EndProject
Global
	GlobalSection(SolutionConfigurationPlatforms) = preSolution
		Debug|Any CPU = Debug|Any CPU
		Release|Any CPU = Release|Any CPU
	EndGlobalSection
	GlobalSection(ProjectConfigurationPlatforms) = postSolution
		{FE3F860A-DCEA-4BBF-9E8F-EF50A8CCFC96}.Debug|Any CPU.ActiveCfg = Debug|Any CPU
		{FE3F860A-DCEA-4BBF-9E8F-EF50A8CCFC96}.Debug|Any CPU.Build.0 = Debug|Any CPU
		{FE3F860A-DCEA-4BBF-9E8F-EF50A8CCFC96}.Release|Any CPU.ActiveCfg = Release|Any CPU
		{FE3F860A-DCEA-4BBF-9E8F-EF50A8CCFC96}.Release|Any CPU.Build.0 = Release|Any CPU
	EndGlobalSection
	GlobalSection(SolutionProperties) = preSolution
		HideSolutionNode = FALSE
	EndGlobalSection
	GlobalSection(ExtensibilityGlobals) = postSolution
		SolutionGuid = {7A8B1804-8A45-4863-BCC5-E79A6C9941ED}
	EndGlobalSection
EndGlobal
